
Microsoft Visual Studio Solution File, Format Version 12.00
# Visual Studio Version 17
VisualStudioVersion = 17.14.36202.13
MinimumVisualStudioVersion = 10.0.40219.1
Project("{FAE04EC0-301F-11D3-BF4B-00C04F79EFBC}") = "Marketplace", "Marketplace\Marketplace.csproj", "{80CB74A0-B13A-437D-8512-645869178897}"
EndProject
Global
	GlobalSection(SolutionConfigurationPlatforms) = preSolution
		Debug|Any CPU = Debug|Any CPU
		Release|Any CPU = Release|Any CPU
	EndGlobalSection
	GlobalSection(ProjectConfigurationPlatforms) = postSolution
		{80CB74A0-B13A-437D-8512-645869178897}.Debug|Any CPU.ActiveCfg = Debug|Any CPU
		{80CB74A0-B13A-437D-8512-645869178897}.Debug|Any CPU.Build.0 = Debug|Any CPU
		{80CB74A0-B13A-437D-8512-645869178897}.Release|Any CPU.ActiveCfg = Release|Any CPU
		{80CB74A0-B13A-437D-8512-645869178897}.Release|Any CPU.Build.0 = Release|Any CPU
	EndGlobalSection
	GlobalSection(SolutionProperties) = preSolution
		HideSolutionNode = FALSE
	EndGlobalSection
	GlobalSection(ExtensibilityGlobals) = postSolution
		SolutionGuid = {F81644C0-73A2-49D4-83F2-54A039C38DE8}
	EndGlobalSection
EndGlobal
